
Microsoft Visual Studio Solution File, Format Version 12.00
# Visual Studio Version 17
VisualStudioVersion = 17.5.002.0
MinimumVisualStudioVersion = 10.0.40219.1
Project("{2150E333-8FDC-42A3-9474-1A3956D46DE8}") = "CSharpMVCAjax", "CSharpMVCAjax", "{4A82B01E-B757-449E-934D-D02722B24E87}"
EndProject
Project("{9A19103F-16F7-4668-BE54-9A1E7A4F7556}") = "backend", "CSharpMVCAjax\backend\backend.csproj", "{645D6A4D-1C3C-40C1-8642-12667F138024}"
EndProject
Project("{9A19103F-16F7-4668-BE54-9A1E7A4F7556}") = "frontend", "CSharpMVCAjax\frontend\frontend.csproj", "{639ECDC9-B586-49F0-A74B-6ABD69FE8334}"
EndProject
Global
	GlobalSection(SolutionConfigurationPlatforms) = preSolution
		Debug|Any CPU = Debug|Any CPU
		Release|Any CPU = Release|Any CPU
	EndGlobalSection
	GlobalSection(ProjectConfigurationPlatforms) = postSolution
		{645D6A4D-1C3C-40C1-8642-12667F138024}.Debug|Any CPU.ActiveCfg = Debug|Any CPU
		{645D6A4D-1C3C-40C1-8642-12667F138024}.Debug|Any CPU.Build.0 = Debug|Any CPU
		{645D6A4D-1C3C-40C1-8642-12667F138024}.Release|Any CPU.ActiveCfg = Release|Any CPU
		{645D6A4D-1C3C-40C1-8642-12667F138024}.Release|Any CPU.Build.0 = Release|Any CPU
		{639ECDC9-B586-49F0-A74B-6ABD69FE8334}.Debug|Any CPU.ActiveCfg = Debug|Any CPU
		{639ECDC9-B586-49F0-A74B-6ABD69FE8334}.Debug|Any CPU.Build.0 = Debug|Any CPU
		{639ECDC9-B586-49F0-A74B-6ABD69FE8334}.Release|Any CPU.ActiveCfg = Release|Any CPU
		{639ECDC9-B586-49F0-A74B-6ABD69FE8334}.Release|Any CPU.Build.0 = Release|Any CPU
	EndGlobalSection
	GlobalSection(SolutionProperties) = preSolution
		HideSolutionNode = FALSE
	EndGlobalSection
	GlobalSection(NestedProjects) = preSolution
		{645D6A4D-1C3C-40C1-8642-12667F138024} = {4A82B01E-B757-449E-934D-D02722B24E87}
		{639ECDC9-B586-49F0-A74B-6ABD69FE8334} = {4A82B01E-B757-449E-934D-D02722B24E87}
	EndGlobalSection
	GlobalSection(ExtensibilityGlobals) = postSolution
		SolutionGuid = {234E8FB8-BCE0-46A8-8626-04BA6DA3A9EB}
	EndGlobalSection
EndGlobal
