
Microsoft Visual Studio Solution File, Format Version 12.00
# Visual Studio Version 17
VisualStudioVersion = 17.5.002.0
MinimumVisualStudioVersion = 10.0.40219.1
Project("{9A19103F-16F7-4668-BE54-9A1E7A4F7556}") = "frontend", "frontend.csproj", "{956934BA-1522-4F3A-886E-FBA18CFFC3DF}"
EndProject
Global
	GlobalSection(SolutionConfigurationPlatforms) = preSolution
		Debug|Any CPU = Debug|Any CPU
		Release|Any CPU = Release|Any CPU
	EndGlobalSection
	GlobalSection(ProjectConfigurationPlatforms) = postSolution
		{956934BA-1522-4F3A-886E-FBA18CFFC3DF}.Debug|Any CPU.ActiveCfg = Debug|Any CPU
		{956934BA-1522-4F3A-886E-FBA18CFFC3DF}.Debug|Any CPU.Build.0 = Debug|Any CPU
		{956934BA-1522-4F3A-886E-FBA18CFFC3DF}.Release|Any CPU.ActiveCfg = Release|Any CPU
		{956934BA-1522-4F3A-886E-FBA18CFFC3DF}.Release|Any CPU.Build.0 = Release|Any CPU
	EndGlobalSection
	GlobalSection(SolutionProperties) = preSolution
		HideSolutionNode = FALSE
	EndGlobalSection
	GlobalSection(ExtensibilityGlobals) = postSolution
		SolutionGuid = {80074EE2-A9AD-4516-909A-E07852B9F5C4}
	EndGlobalSection
EndGlobal
